Microsoft Visual Studio Solution File, Format Version 12.00
# Visual Studio Version 16
VisualStudioVersion = 16.0.29326.143
MinimumVisualStudioVersion = 10.0.40219.1
Project("{9A19103F-16F7-4668-BE54-9A1E7A4F7556}") = "backend", "backend.csproj", "{FA31E371-D27D-4A32-A81F-64BDCA653835}"
EndProject
Project("{9A19103F-16F7-4668-BE54-9A1E7A4F7556}") = "XUnitTest_backend", "..\XUnitTest_backend\XUnitTest_backend.csproj", "{2B0A2414-5584-4C50-9FDB-3AB1E7974226}"
EndProject
Global
	GlobalSection(SolutionConfigurationPlatforms) = preSolution
		Debug|Any CPU = Debug|Any CPU
		Release|Any CPU = Release|Any CPU
	EndGlobalSection
	GlobalSection(ProjectConfigurationPlatforms) = postSolution
		{FA31E371-D27D-4A32-A81F-64BDCA653835}.Debug|Any CPU.ActiveCfg = Debug|Any CPU
		{FA31E371-D27D-4A32-A81F-64BDCA653835}.Debug|Any CPU.Build.0 = Debug|Any CPU
		{FA31E371-D27D-4A32-A81F-64BDCA653835}.Release|Any CPU.ActiveCfg = Release|Any CPU
		{FA31E371-D27D-4A32-A81F-64BDCA653835}.Release|Any CPU.Build.0 = Release|Any CPU
		{2B0A2414-5584-4C50-9FDB-3AB1E7974226}.Debug|Any CPU.ActiveCfg = Debug|Any CPU
		{2B0A2414-5584-4C50-9FDB-3AB1E7974226}.Debug|Any CPU.Build.0 = Debug|Any CPU
		{2B0A2414-5584-4C50-9FDB-3AB1E7974226}.Release|Any CPU.ActiveCfg = Release|Any CPU
		{2B0A2414-5584-4C50-9FDB-3AB1E7974226}.Release|Any CPU.Build.0 = Release|Any CPU
	EndGlobalSection
	GlobalSection(SolutionProperties) = preSolution
		HideSolutionNode = FALSE
	EndGlobalSection
	GlobalSection(ExtensibilityGlobals) = postSolution
		SolutionGuid = {F879EE98-7DE8-41A8-93FD-700FFB8E142B}
	EndGlobalSection
EndGlobal
